
Microsoft Visual Studio Solution File, Format Version 12.00
# Visual Studio 15
VisualStudioVersion = 15.0.28010.2046
MinimumVisualStudioVersion = 10.0.40219.1
Project("{9A19103F-16F7-4668-BE54-9A1E7A4F7556}") = "CursoCSharp", "CursoCSharp\CursoCSharp.csproj", "{D77F0DA3-DCFA-4251-8B5B-779E473CAC8E}"
EndProject
Project("{FAE04EC0-301F-11D3-BF4B-00C04F79EFBC}") = "Encapsulamento", "Encapsulamento\Encapsulamento.csproj", "{0C7DAB4C-4F48-4A90-87FE-42F7F45DF9A9}"
EndProject
Global
	GlobalSection(SolutionConfigurationPlatforms) = preSolution
		Debug|Any CPU = Debug|Any CPU
		Release|Any CPU = Release|Any CPU
	EndGlobalSection
	GlobalSection(ProjectConfigurationPlatforms) = postSolution
		{D77F0DA3-DCFA-4251-8B5B-779E473CAC8E}.Debug|Any CPU.ActiveCfg = Debug|Any CPU
		{D77F0DA3-DCFA-4251-8B5B-779E473CAC8E}.Debug|Any CPU.Build.0 = Debug|Any CPU
		{D77F0DA3-DCFA-4251-8B5B-779E473CAC8E}.Release|Any CPU.ActiveCfg = Release|Any CPU
		{D77F0DA3-DCFA-4251-8B5B-779E473CAC8E}.Release|Any CPU.Build.0 = Release|Any CPU
		{0C7DAB4C-4F48-4A90-87FE-42F7F45DF9A9}.Debug|Any CPU.ActiveCfg = Debug|Any CPU
		{0C7DAB4C-4F48-4A90-87FE-42F7F45DF9A9}.Debug|Any CPU.Build.0 = Debug|Any CPU
		{0C7DAB4C-4F48-4A90-87FE-42F7F45DF9A9}.Release|Any CPU.ActiveCfg = Release|Any CPU
		{0C7DAB4C-4F48-4A90-87FE-42F7F45DF9A9}.Release|Any CPU.Build.0 = Release|Any CPU
	EndGlobalSection
	GlobalSection(SolutionProperties) = preSolution
		HideSolutionNode = FALSE
	EndGlobalSection
	GlobalSection(ExtensibilityGlobals) = postSolution
		SolutionGuid = {34E54C22-D148-4485-A156-1F2861F0FC57}
	EndGlobalSection
EndGlobal
